schema: '2.0'
stages:
  prepare:
    cmd: python src/data/make_dataset.py
    deps:
    - path: data/raw
      hash: md5
      md5: c5b0254fb65c494b72ccba32bfb8a553.dir
      size: 333782
      nfiles: 2
    - path: src/data/make_dataset.py
      hash: md5
      md5: 8c65dda54ed6af4cffae86168f310336
      size: 2568
    outs:
    - path: data/processed/split
      hash: md5
      md5: ea5e20a3ece6ba76477bdc8f954ad90b.dir
      size: 294499
      nfiles: 4
  train:
    cmd: python src/models/train_model.py
    deps:
    - path: models/params
      hash: md5
      md5: fa1e102a37c02b094a40a54083fe6172.dir
      size: 69
      nfiles: 1
    - path: src/models/train_model.py
      hash: md5
      md5: 9823de34ebbf477fdb6deffe8c2f563f
      size: 1712
    outs:
    - path: models/model
      hash: md5
      md5: 2aac81adc66f9bc7cd797553a4e3bc47.dir
      size: 21808435
      nfiles: 1
  evaluation:
    cmd: python src/models/predict.py
    deps:
    - path: models/random_forest_regressor.pkl
      hash: md5
      md5: d1812e43c9dd4d9032977361e9a8f6dc
      size: 21807715
    - path: src/models/predict.py
      hash: md5
      md5: c71948948e9683626a10ff1f52940859
      size: 1095
    outs:
    - path: metrics/scores.json
      hash: md5
      md5: f211b07399b0a82dcdcbc68e2e35091e
      size: 34
  standardize:
    cmd: python src/data/standardize.py
    deps:
    - path: data/processed/split
      hash: md5
      md5: ea5e20a3ece6ba76477bdc8f954ad90b.dir
      size: 294499
      nfiles: 4
    - path: src/data/standardize.py
      hash: md5
      md5: a6578dccc6fa445187bb6301d765068d
      size: 2470
    outs:
    - path: data/processed/standardized
      hash: md5
      md5: 6e8e565f5d11609c75c00efae439d61c.dir
      size: 284302
      nfiles: 2
  grid_search:
    cmd: python src/models/grid_search.py
    deps:
    - path: data/processed/standardized
      hash: md5
      md5: 6e8e565f5d11609c75c00efae439d61c.dir
      size: 284302
      nfiles: 2
    - path: src/models/grid_search.py
      hash: md5
      md5: 116fffc4c6cd1c74d8b6dbcaaa5b48b0
      size: 2424
    outs:
    - path: models/params
      hash: md5
      md5: fa1e102a37c02b094a40a54083fe6172.dir
      size: 69
      nfiles: 1
